{
  "name": "@ggx-cli/core",
  "version": "1.0.0",
  "lockfileVersion": 2,
  "requires": true,
  "packages": {
    "": {
      "name": "@ggx-cli/core",
      "version": "1.0.0",
      "license": "ISC",
      "dependencies": {
        "@ggx-cli/utils": "file:../utils"
      },
      "bin": {
        "ggx": "bin/index.js"
      }
    },
    "../utils": {
      "name": "@ggx-cli/utils",
      "version": "1.0.0",
      "license": "ISC"
    },
    "node_modules/@ggx-cli/utils": {
      "resolved": "../utils",
      "link": true
    }
  },
  "dependencies": {
    "@ggx-cli/utils": {
      "version": "file:../utils"
    }
  }
}
